
Microsoft Visual Studio Solution File, Format Version 12.00
# Visual Studio Version 17
VisualStudioVersion = 17.11.35327.3
MinimumVisualStudioVersion = 10.0.40219.1
Project("{9A19103F-16F7-4668-BE54-9A1E7A4F7556}") = "PatientManagmentSystem", "PatientManagmentSystem\PatientManagmentSystem.csproj", "{265BFC87-29A1-40CF-8632-087546903E32}"
EndProject
Project("{FAE04EC0-301F-11D3-BF4B-00C04F79EFBC}") = "PatientManagmentSystem.Test", "PatientManagmentSystem.Test\PatientManagmentSystem.Test.csproj", "{B5DF3F20-065A-4740-B242-B5B13DAD75F3}"
EndProject
Global
	GlobalSection(SolutionConfigurationPlatforms) = preSolution
		Debug|Any CPU = Debug|Any CPU
		Release|Any CPU = Release|Any CPU
	EndGlobalSection
	GlobalSection(ProjectConfigurationPlatforms) = postSolution
		{265BFC87-29A1-40CF-8632-087546903E32}.Debug|Any CPU.ActiveCfg = Debug|Any CPU
		{265BFC87-29A1-40CF-8632-087546903E32}.Debug|Any CPU.Build.0 = Debug|Any CPU
		{265BFC87-29A1-40CF-8632-087546903E32}.Release|Any CPU.ActiveCfg = Release|Any CPU
		{265BFC87-29A1-40CF-8632-087546903E32}.Release|Any CPU.Build.0 = Release|Any CPU
		{B5DF3F20-065A-4740-B242-B5B13DAD75F3}.Debug|Any CPU.ActiveCfg = Debug|Any CPU
		{B5DF3F20-065A-4740-B242-B5B13DAD75F3}.Debug|Any CPU.Build.0 = Debug|Any CPU
		{B5DF3F20-065A-4740-B242-B5B13DAD75F3}.Release|Any CPU.ActiveCfg = Release|Any CPU
		{B5DF3F20-065A-4740-B242-B5B13DAD75F3}.Release|Any CPU.Build.0 = Release|Any CPU
	EndGlobalSection
	GlobalSection(SolutionProperties) = preSolution
		HideSolutionNode = FALSE
	EndGlobalSection
	GlobalSection(ExtensibilityGlobals) = postSolution
		SolutionGuid = {584F3D40-D980-43BB-BBAF-8B50647B9EF9}
	EndGlobalSection
EndGlobal
